
Microsoft Visual Studio Solution File, Format Version 12.00
# Visual Studio Version 17
VisualStudioVersion = 17.12.35506.116
MinimumVisualStudioVersion = 10.0.40219.1
Project("{FAE04EC0-301F-11D3-BF4B-00C04F79EFBC}") = "Karatavas", "Karatavas\Karatavas.csproj", "{209D461A-EC7D-445C-B86A-CAAF23CFE1FB}"
EndProject
Global
	GlobalSection(SolutionConfigurationPlatforms) = preSolution
		All|Any CPU = All|Any CPU
		Debug|Any CPU = Debug|Any CPU
		Release|Any CPU = Release|Any CPU
	EndGlobalSection
	GlobalSection(ProjectConfigurationPlatforms) = postSolution
		{209D461A-EC7D-445C-B86A-CAAF23CFE1FB}.All|Any CPU.ActiveCfg = Release|Any CPU
		{209D461A-EC7D-445C-B86A-CAAF23CFE1FB}.All|Any CPU.Build.0 = Release|Any CPU
		{209D461A-EC7D-445C-B86A-CAAF23CFE1FB}.Debug|Any CPU.ActiveCfg = Debug|Any CPU
		{209D461A-EC7D-445C-B86A-CAAF23CFE1FB}.Debug|Any CPU.Build.0 = Debug|Any CPU
		{209D461A-EC7D-445C-B86A-CAAF23CFE1FB}.Release|Any CPU.ActiveCfg = Release|Any CPU
		{209D461A-EC7D-445C-B86A-CAAF23CFE1FB}.Release|Any CPU.Build.0 = Release|Any CPU
	EndGlobalSection
	GlobalSection(SolutionProperties) = preSolution
		HideSolutionNode = FALSE
	EndGlobalSection
EndGlobal
